
Microsoft Visual Studio Solution File, Format Version 12.00
# Visual Studio 14
VisualStudioVersion = 14.0.23107.0
MinimumVisualStudioVersion = 10.0.40219.1
Project("{8BC9CEB8-8B4A-11D0-8D11-00A0C91BC942}") = "sol1", "sol1\sol1.vcxproj", "{215D56F3-564C-43C2-8A13-3021EBC641A6}"
EndProject
Project("{8BC9CEB8-8B4A-11D0-8D11-00A0C91BC942}") = "sol2", "sol2\sol2.vcxproj", "{747AAEC6-E04F-4564-A42C-95DECD5937D7}"
EndProject
Global
	GlobalSection(SolutionConfigurationPlatforms) = preSolution
		Debug|x64 = Debug|x64
		Debug|x86 = Debug|x86
		Release|x64 = Release|x64
		Release|x86 = Release|x86
	EndGlobalSection
	GlobalSection(ProjectConfigurationPlatforms) = postSolution
		{215D56F3-564C-43C2-8A13-3021EBC641A6}.Debug|x64.ActiveCfg = Debug|x64
		{215D56F3-564C-43C2-8A13-3021EBC641A6}.Debug|x64.Build.0 = Debug|x64
		{215D56F3-564C-43C2-8A13-3021EBC641A6}.Debug|x86.ActiveCfg = Debug|Win32
		{215D56F3-564C-43C2-8A13-3021EBC641A6}.Debug|x86.Build.0 = Debug|Win32
		{215D56F3-564C-43C2-8A13-3021EBC641A6}.Release|x64.ActiveCfg = Release|x64
		{215D56F3-564C-43C2-8A13-3021EBC641A6}.Release|x64.Build.0 = Release|x64
		{215D56F3-564C-43C2-8A13-3021EBC641A6}.Release|x86.ActiveCfg = Release|Win32
		{215D56F3-564C-43C2-8A13-3021EBC641A6}.Release|x86.Build.0 = Release|Win32
		{747AAEC6-E04F-4564-A42C-95DECD5937D7}.Debug|x64.ActiveCfg = Debug|x64
		{747AAEC6-E04F-4564-A42C-95DECD5937D7}.Debug|x64.Build.0 = Debug|x64
		{747AAEC6-E04F-4564-A42C-95DECD5937D7}.Debug|x86.ActiveCfg = Debug|Win32
		{747AAEC6-E04F-4564-A42C-95DECD5937D7}.Debug|x86.Build.0 = Debug|Win32
		{747AAEC6-E04F-4564-A42C-95DECD5937D7}.Release|x64.ActiveCfg = Release|x64
		{747AAEC6-E04F-4564-A42C-95DECD5937D7}.Release|x64.Build.0 = Release|x64
		{747AAEC6-E04F-4564-A42C-95DECD5937D7}.Release|x86.ActiveCfg = Release|Win32
		{747AAEC6-E04F-4564-A42C-95DECD5937D7}.Release|x86.Build.0 = Release|Win32
	EndGlobalSection
	GlobalSection(SolutionProperties) = preSolution
		HideSolutionNode = FALSE
	EndGlobalSection
EndGlobal
